
Microsoft Visual Studio Solution File, Format Version 12.00
# Visual Studio 15
VisualStudioVersion = 15.0.28307.1062
MinimumVisualStudioVersion = 10.0.40219.1
Project("{FAE04EC0-301F-11D3-BF4B-00C04F79EFBC}") = "Appcarnett.Android", "Appcarnett\Appcarnett.Android\Appcarnett.Android.csproj", "{5B17EFA3-93B9-4AC3-B3D1-B695297C969B}"
EndProject
Project("{FAE04EC0-301F-11D3-BF4B-00C04F79EFBC}") = "Appcarnett.iOS", "Appcarnett\Appcarnett.iOS\Appcarnett.iOS.csproj", "{22CCDA36-6BCF-43CC-A736-932EC46E37A0}"
EndProject
Project("{FAE04EC0-301F-11D3-BF4B-00C04F79EFBC}") = "Appcarnett.UWP", "Appcarnett\Appcarnett.UWP\Appcarnett.UWP.csproj", "{2DF7D371-F69F-4C7D-95C6-EFE0D448BBED}"
EndProject
Project("{FAE04EC0-301F-11D3-BF4B-00C04F79EFBC}") = "Appcarnett", "Appcarnett\Appcarnett\Appcarnett.csproj", "{BF1ABA2F-2D9F-4727-BE10-60A6E1FAFF2F}"
EndProject
Global
	GlobalSection(SolutionConfigurationPlatforms) = preSolution
		Ad-Hoc|Any CPU = Ad-Hoc|Any CPU
		Ad-Hoc|ARM = Ad-Hoc|ARM
		Ad-Hoc|iPhone = Ad-Hoc|iPhone
		Ad-Hoc|iPhoneSimulator = Ad-Hoc|iPhoneSimulator
		Ad-Hoc|x64 = Ad-Hoc|x64
		Ad-Hoc|x86 = Ad-Hoc|x86
		AppStore|Any CPU = AppStore|Any CPU
		AppStore|ARM = AppStore|ARM
		AppStore|iPhone = AppStore|iPhone
		AppStore|iPhoneSimulator = AppStore|iPhoneSimulator
		AppStore|x64 = AppStore|x64
		AppStore|x86 = AppStore|x86
		Debug|Any CPU = Debug|Any CPU
		Debug|ARM = Debug|ARM
		Debug|iPhone = Debug|iPhone
		Debug|iPhoneSimulator = Debug|iPhoneSimulator
		Debug|x64 = Debug|x64
		Debug|x86 = Debug|x86
		Release|Any CPU = Release|Any CPU
		Release|ARM = Release|ARM
		Release|iPhone = Release|iPhone
		Release|iPhoneSimulator = Release|iPhoneSimulator
		Release|x64 = Release|x64
		Release|x86 = Release|x86
	EndGlobalSection
	GlobalSection(ProjectConfigurationPlatforms) = postSolution
		{5B17EFA3-93B9-4AC3-B3D1-B695297C969B}.Ad-Hoc|Any CPU.ActiveCfg = Release|Any CPU
		{5B17EFA3-93B9-4AC3-B3D1-B695297C969B}.Ad-Hoc|Any CPU.Build.0 = Release|Any CPU
		{5B17EFA3-93B9-4AC3-B3D1-B695297C969B}.Ad-Hoc|Any CPU.Deploy.0 = Release|Any CPU
		{5B17EFA3-93B9-4AC3-B3D1-B695297C969B}.Ad-Hoc|ARM.ActiveCfg = Release|Any CPU
		{5B17EFA3-93B9-4AC3-B3D1-B695297C969B}.Ad-Hoc|ARM.Build.0 = Release|Any CPU
		{5B17EFA3-93B9-4AC3-B3D1-B695297C969B}.Ad-Hoc|ARM.Deploy.0 = Release|Any CPU
		{5B17EFA3-93B9-4AC3-B3D1-B695297C969B}.Ad-Hoc|iPhone.ActiveCfg = Release|Any CPU
		{5B17EFA3-93B9-4AC3-B3D1-B695297C969B}.Ad-Hoc|iPhone.Build.0 = Release|Any CPU
		{5B17EFA3-93B9-4AC3-B3D1-B695297C969B}.Ad-Hoc|iPhone.Deploy.0 = Release|Any CPU
		{5B17EFA3-93B9-4AC3-B3D1-B695297C969B}.Ad-Hoc|iPhoneSimulator.ActiveCfg = Release|Any CPU
		{5B17EFA3-93B9-4AC3-B3D1-B695297C969B}.Ad-Hoc|iPhoneSimulator.Build.0 = Release|Any CPU
		{5B17EFA3-93B9-4AC3-B3D1-B695297C969B}.Ad-Hoc|iPhoneSimulator.Deploy.0 = Release|Any CPU
		{5B17EFA3-93B9-4AC3-B3D1-B695297C969B}.Ad-Hoc|x64.ActiveCfg = Release|Any CPU
		{5B17EFA3-93B9-4AC3-B3D1-B695297C969B}.Ad-Hoc|x64.Build.0 = Release|Any CPU
		{5B17EFA3-93B9-4AC3-B3D1-B695297C969B}.Ad-Hoc|x64.Deploy.0 = Release|Any CPU
		{5B17EFA3-93B9-4AC3-B3D1-B695297C969B}.Ad-Hoc|x86.ActiveCfg = Release|Any CPU
		{5B17EFA3-93B9-4AC3-B3D1-B695297C969B}.Ad-Hoc|x86.Build.0 = Release|Any CPU
		{5B17EFA3-93B9-4AC3-B3D1-B695297C969B}.Ad-Hoc|x86.Deploy.0 = Release|Any CPU
		{5B17EFA3-93B9-4AC3-B3D1-B695297C969B}.AppStore|Any CPU.ActiveCfg = Release|Any CPU
		{5B17EFA3-93B9-4AC3-B3D1-B695297C969B}.AppStore|Any CPU.Build.0 = Release|Any CPU
		{5B17EFA3-93B9-4AC3-B3D1-B695297C969B}.AppStore|Any CPU.Deploy.0 = Release|Any CPU
		{5B17EFA3-93B9-4AC3-B3D1-B695297C969B}.AppStore|ARM.ActiveCfg = Release|Any CPU
		{5B17EFA3-93B9-4AC3-B3D1-B695297C969B}.AppStore|ARM.Build.0 = Release|Any CPU
		{5B17EFA3-93B9-4AC3-B3D1-B695297C969B}.AppStore|ARM.Deploy.0 = Release|Any CPU
		{5B17EFA3-93B9-4AC3-B3D1-B695297C969B}.AppStore|iPhone.ActiveCfg = Release|Any CPU
		{5B17EFA3-93B9-4AC3-B3D1-B695297C969B}.AppStore|iPhone.Build.0 = Release|Any CPU
		{5B17EFA3-93B9-4AC3-B3D1-B695297C969B}.AppStore|iPhone.Deploy.0 = Release|Any CPU
		{5B17EFA3-93B9-4AC3-B3D1-B695297C969B}.AppStore|iPhoneSimulator.ActiveCfg = Release|Any CPU
		{5B17EFA3-93B9-4AC3-B3D1-B695297C969B}.AppStore|iPhoneSimulator.Build.0 = Release|Any CPU
		{5B17EFA3-93B9-4AC3-B3D1-B695297C969B}.AppStore|iPhoneSimulator.Deploy.0 = Release|Any CPU
		{5B17EFA3-93B9-4AC3-B3D1-B695297C969B}.AppStore|x64.ActiveCfg = Release|Any CPU
		{5B17EFA3-93B9-4AC3-B3D1-B695297C969B}.AppStore|x64.Build.0 = Release|Any CPU
		{5B17EFA3-93B9-4AC3-B3D1-B695297C969B}.AppStore|x64.Deploy.0 = Release|Any CPU
		{5B17EFA3-93B9-4AC3-B3D1-B695297C969B}.AppStore|x86.ActiveCfg = Release|Any CPU
		{5B17EFA3-93B9-4AC3-B3D1-B695297C969B}.AppStore|x86.Build.0 = Release|Any CPU
		{5B17EFA3-93B9-4AC3-B3D1-B695297C969B}.AppStore|x86.Deploy.0 = Release|Any CPU
		{5B17EFA3-93B9-4AC3-B3D1-B695297C969B}.Debug|Any CPU.ActiveCfg = Debug|Any CPU
		{5B17EFA3-93B9-4AC3-B3D1-B695297C969B}.Debug|Any CPU.Build.0 = Debug|Any CPU
		{5B17EFA3-93B9-4AC3-B3D1-B695297C969B}.Debug|Any CPU.Deploy.0 = Debug|Any CPU
		{5B17EFA3-93B9-4AC3-B3D1-B695297C969B}.Debug|ARM.ActiveCfg = Debug|Any CPU
		{5B17EFA3-93B9-4AC3-B3D1-B695297C969B}.Debug|ARM.Build.0 = Debug|Any CPU
		{5B17EFA3-93B9-4AC3-B3D1-B695297C969B}.Debug|ARM.Deploy.0 = Debug|Any CPU
		{5B17EFA3-93B9-4AC3-B3D1-B695297C969B}.Debug|iPhone.ActiveCfg = Debug|Any CPU
		{5B17EFA3-93B9-4AC3-B3D1-B695297C969B}.Debug|iPhone.Build.0 = Debug|Any CPU
		{5B17EFA3-93B9-4AC3-B3D1-B695297C969B}.Debug|iPhone.Deploy.0 = Debug|Any CPU
		{5B17EFA3-93B9-4AC3-B3D1-B695297C969B}.Debug|iPhoneSimulator.ActiveCfg = Debug|Any CPU
		{5B17EFA3-93B9-4AC3-B3D1-B695297C969B}.Debug|iPhoneSimulator.Build.0 = Debug|Any CPU
		{5B17EFA3-93B9-4AC3-B3D1-B695297C969B}.Debug|iPhoneSimulator.Deploy.0 = Debug|Any CPU
		{5B17EFA3-93B9-4AC3-B3D1-B695297C969B}.Debug|x64.ActiveCfg = Debug|Any CPU
		{5B17EFA3-93B9-4AC3-B3D1-B695297C969B}.Debug|x64.Build.0 = Debug|Any CPU
		{5B17EFA3-93B9-4AC3-B3D1-B695297C969B}.Debug|x64.Deploy.0 = Debug|Any CPU
		{5B17EFA3-93B9-4AC3-B3D1-B695297C969B}.Debug|x86.ActiveCfg = Debug|Any CPU
		{5B17EFA3-93B9-4AC3-B3D1-B695297C969B}.Debug|x86.Build.0 = Debug|Any CPU
		{5B17EFA3-93B9-4AC3-B3D1-B695297C969B}.Debug|x86.Deploy.0 = Debug|Any CPU
		{5B17EFA3-93B9-4AC3-B3D1-B695297C969B}.Release|Any CPU.ActiveCfg = Release|Any CPU
		{5B17EFA3-93B9-4AC3-B3D1-B695297C969B}.Release|Any CPU.Build.0 = Release|Any CPU
		{5B17EFA3-93B9-4AC3-B3D1-B695297C969B}.Release|Any CPU.Deploy.0 = Release|Any CPU
		{5B17EFA3-93B9-4AC3-B3D1-B695297C969B}.Release|ARM.ActiveCfg = Release|Any CPU
		{5B17EFA3-93B9-4AC3-B3D1-B695297C969B}.Release|ARM.Build.0 = Release|Any CPU
		{5B17EFA3-93B9-4AC3-B3D1-B695297C969B}.Release|ARM.Deploy.0 = Release|Any CPU
		{5B17EFA3-93B9-4AC3-B3D1-B695297C969B}.Release|iPhone.ActiveCfg = Release|Any CPU
		{5B17EFA3-93B9-4AC3-B3D1-B695297C969B}.Release|iPhone.Build.0 = Release|Any CPU
		{5B17EFA3-93B9-4AC3-B3D1-B695297C969B}.Release|iPhone.Deploy.0 = Release|Any CPU
		{5B17EFA3-93B9-4AC3-B3D1-B695297C969B}.Release|iPhoneSimulator.ActiveCfg = Release|Any CPU
		{5B17EFA3-93B9-4AC3-B3D1-B695297C969B}.Release|iPhoneSimulator.Build.0 = Release|Any CPU
		{5B17EFA3-93B9-4AC3-B3D1-B695297C969B}.Release|iPhoneSimulator.Deploy.0 = Release|Any CPU
		{5B17EFA3-93B9-4AC3-B3D1-B695297C969B}.Release|x64.ActiveCfg = Release|Any CPU
		{5B17EFA3-93B9-4AC3-B3D1-B695297C969B}.Release|x64.Build.0 = Release|Any CPU
		{5B17EFA3-93B9-4AC3-B3D1-B695297C969B}.Release|x64.Deploy.0 = Release|Any CPU
		{5B17EFA3-93B9-4AC3-B3D1-B695297C969B}.Release|x86.ActiveCfg = Release|Any CPU
		{5B17EFA3-93B9-4AC3-B3D1-B695297C969B}.Release|x86.Build.0 = Release|Any CPU
		{5B17EFA3-93B9-4AC3-B3D1-B695297C969B}.Release|x86.Deploy.0 = Release|Any CPU
		{22CCDA36-6BCF-43CC-A736-932EC46E37A0}.Ad-Hoc|Any CPU.ActiveCfg = Ad-Hoc|iPhone
		{22CCDA36-6BCF-43CC-A736-932EC46E37A0}.Ad-Hoc|Any CPU.Build.0 = Ad-Hoc|iPhone
		{22CCDA36-6BCF-43CC-A736-932EC46E37A0}.Ad-Hoc|Any CPU.Deploy.0 = Ad-Hoc|iPhone
		{22CCDA36-6BCF-43CC-A736-932EC46E37A0}.Ad-Hoc|ARM.ActiveCfg = Ad-Hoc|iPhone
		{22CCDA36-6BCF-43CC-A736-932EC46E37A0}.Ad-Hoc|ARM.Build.0 = Ad-Hoc|iPhone
		{22CCDA36-6BCF-43CC-A736-932EC46E37A0}.Ad-Hoc|ARM.Deploy.0 = Ad-Hoc|iPhone
		{22CCDA36-6BCF-43CC-A736-932EC46E37A0}.Ad-Hoc|iPhone.ActiveCfg = Ad-Hoc|iPhone
		{22CCDA36-6BCF-43CC-A736-932EC46E37A0}.Ad-Hoc|iPhone.Build.0 = Ad-Hoc|iPhone
		{22CCDA36-6BCF-43CC-A736-932EC46E37A0}.Ad-Hoc|iPhone.Deploy.0 = Ad-Hoc|iPhone
		{22CCDA36-6BCF-43CC-A736-932EC46E37A0}.Ad-Hoc|iPhoneSimulator.ActiveCfg = Ad-Hoc|iPhoneSimulator
		{22CCDA36-6BCF-43CC-A736-932EC46E37A0}.Ad-Hoc|iPhoneSimulator.Build.0 = Ad-Hoc|iPhoneSimulator
		{22CCDA36-6BCF-43CC-A736-932EC46E37A0}.Ad-Hoc|iPhoneSimulator.Deploy.0 = Ad-Hoc|iPhoneSimulator
		{22CCDA36-6BCF-43CC-A736-932EC46E37A0}.Ad-Hoc|x64.ActiveCfg = Ad-Hoc|iPhone
		{22CCDA36-6BCF-43CC-A736-932EC46E37A0}.Ad-Hoc|x64.Build.0 = Ad-Hoc|iPhone
		{22CCDA36-6BCF-43CC-A736-932EC46E37A0}.Ad-Hoc|x64.Deploy.0 = Ad-Hoc|iPhone
		{22CCDA36-6BCF-43CC-A736-932EC46E37A0}.Ad-Hoc|x86.ActiveCfg = Ad-Hoc|iPhone
		{22CCDA36-6BCF-43CC-A736-932EC46E37A0}.Ad-Hoc|x86.Build.0 = Ad-Hoc|iPhone
		{22CCDA36-6BCF-43CC-A736-932EC46E37A0}.Ad-Hoc|x86.Deploy.0 = Ad-Hoc|iPhone
		{22CCDA36-6BCF-43CC-A736-932EC46E37A0}.AppStore|Any CPU.ActiveCfg = AppStore|iPhone
		{22CCDA36-6BCF-43CC-A736-932EC46E37A0}.AppStore|Any CPU.Build.0 = AppStore|iPhone
		{22CCDA36-6BCF-43CC-A736-932EC46E37A0}.AppStore|Any CPU.Deploy.0 = AppStore|iPhone
		{22CCDA36-6BCF-43CC-A736-932EC46E37A0}.AppStore|ARM.ActiveCfg = AppStore|iPhone
		{22CCDA36-6BCF-43CC-A736-932EC46E37A0}.AppStore|ARM.Build.0 = AppStore|iPhone
		{22CCDA36-6BCF-43CC-A736-932EC46E37A0}.AppStore|ARM.Deploy.0 = AppStore|iPhone
		{22CCDA36-6BCF-43CC-A736-932EC46E37A0}.AppStore|iPhone.ActiveCfg = AppStore|iPhone
		{22CCDA36-6BCF-43CC-A736-932EC46E37A0}.AppStore|iPhone.Build.0 = AppStore|iPhone
		{22CCDA36-6BCF-43CC-A736-932EC46E37A0}.AppStore|iPhone.Deploy.0 = AppStore|iPhone
		{22CCDA36-6BCF-43CC-A736-932EC46E37A0}.AppStore|iPhoneSimulator.ActiveCfg = AppStore|iPhoneSimulator
		{22CCDA36-6BCF-43CC-A736-932EC46E37A0}.AppStore|iPhoneSimulator.Build.0 = AppStore|iPhoneSimulator
		{22CCDA36-6BCF-43CC-A736-932EC46E37A0}.AppStore|iPhoneSimulator.Deploy.0 = AppStore|iPhoneSimulator
		{22CCDA36-6BCF-43CC-A736-932EC46E37A0}.AppStore|x64.ActiveCfg = AppStore|iPhone
		{22CCDA36-6BCF-43CC-A736-932EC46E37A0}.AppStore|x64.Build.0 = AppStore|iPhone
		{22CCDA36-6BCF-43CC-A736-932EC46E37A0}.AppStore|x64.Deploy.0 = AppStore|iPhone
		{22CCDA36-6BCF-43CC-A736-932EC46E37A0}.AppStore|x86.ActiveCfg = AppStore|iPhone
		{22CCDA36-6BCF-43CC-A736-932EC46E37A0}.AppStore|x86.Build.0 = AppStore|iPhone
		{22CCDA36-6BCF-43CC-A736-932EC46E37A0}.AppStore|x86.Deploy.0 = AppStore|iPhone
		{22CCDA36-6BCF-43CC-A736-932EC46E37A0}.Debug|Any CPU.ActiveCfg = Debug|iPhoneSimulator
		{22CCDA36-6BCF-43CC-A736-932EC46E37A0}.Debug|Any CPU.Build.0 = Debug|iPhoneSimulator
		{22CCDA36-6BCF-43CC-A736-932EC46E37A0}.Debug|Any CPU.Deploy.0 = Debug|iPhoneSimulator
		{22CCDA36-6BCF-43CC-A736-932EC46E37A0}.Debug|ARM.ActiveCfg = Debug|iPhone
		{22CCDA36-6BCF-43CC-A736-932EC46E37A0}.Debug|ARM.Build.0 = Debug|iPhone
		{22CCDA36-6BCF-43CC-A736-932EC46E37A0}.Debug|ARM.Deploy.0 = Debug|iPhone
		{22CCDA36-6BCF-43CC-A736-932EC46E37A0}.Debug|iPhone.ActiveCfg = Debug|iPhone
		{22CCDA36-6BCF-43CC-A736-932EC46E37A0}.Debug|iPhone.Build.0 = Debug|iPhone
		{22CCDA36-6BCF-43CC-A736-932EC46E37A0}.Debug|iPhone.Deploy.0 = Debug|iPhone
		{22CCDA36-6BCF-43CC-A736-932EC46E37A0}.Debug|iPhoneSimulator.ActiveCfg = Debug|iPhoneSimulator
		{22CCDA36-6BCF-43CC-A736-932EC46E37A0}.Debug|iPhoneSimulator.Build.0 = Debug|iPhoneSimulator
		{22CCDA36-6BCF-43CC-A736-932EC46E37A0}.Debug|iPhoneSimulator.Deploy.0 = Debug|iPhoneSimulator
		{22CCDA36-6BCF-43CC-A736-932EC46E37A0}.Debug|x64.ActiveCfg = Debug|iPhone
		{22CCDA36-6BCF-43CC-A736-932EC46E37A0}.Debug|x64.Build.0 = Debug|iPhone
		{22CCDA36-6BCF-43CC-A736-932EC46E37A0}.Debug|x64.Deploy.0 = Debug|iPhone
		{22CCDA36-6BCF-43CC-A736-932EC46E37A0}.Debug|x86.ActiveCfg = Debug|iPhone
		{22CCDA36-6BCF-43CC-A736-932EC46E37A0}.Debug|x86.Build.0 = Debug|iPhone
		{22CCDA36-6BCF-43CC-A736-932EC46E37A0}.Debug|x86.Deploy.0 = Debug|iPhone
		{22CCDA36-6BCF-43CC-A736-932EC46E37A0}.Release|Any CPU.ActiveCfg = Release|iPhone
		{22CCDA36-6BCF-43CC-A736-932EC46E37A0}.Release|Any CPU.Build.0 = Release|iPhone
		{22CCDA36-6BCF-43CC-A736-932EC46E37A0}.Release|Any CPU.Deploy.0 = Release|iPhone
		{22CCDA36-6BCF-43CC-A736-932EC46E37A0}.Release|ARM.ActiveCfg = Release|iPhone
		{22CCDA36-6BCF-43CC-A736-932EC46E37A0}.Release|ARM.Build.0 = Release|iPhone
		{22CCDA36-6BCF-43CC-A736-932EC46E37A0}.Release|ARM.Deploy.0 = Release|iPhone
		{22CCDA36-6BCF-43CC-A736-932EC46E37A0}.Release|iPhone.ActiveCfg = Release|iPhone
		{22CCDA36-6BCF-43CC-A736-932EC46E37A0}.Release|iPhone.Build.0 = Release|iPhone
		{22CCDA36-6BCF-43CC-A736-932EC46E37A0}.Release|iPhone.Deploy.0 = Release|iPhone
		{22CCDA36-6BCF-43CC-A736-932EC46E37A0}.Release|iPhoneSimulator.ActiveCfg = Release|iPhoneSimulator
		{22CCDA36-6BCF-43CC-A736-932EC46E37A0}.Release|iPhoneSimulator.Build.0 = Release|iPhoneSimulator
		{22CCDA36-6BCF-43CC-A736-932EC46E37A0}.Release|iPhoneSimulator.Deploy.0 = Release|iPhoneSimulator
		{22CCDA36-6BCF-43CC-A736-932EC46E37A0}.Release|x64.ActiveCfg = Release|iPhone
		{22CCDA36-6BCF-43CC-A736-932EC46E37A0}.Release|x64.Build.0 = Release|iPhone
		{22CCDA36-6BCF-43CC-A736-932EC46E37A0}.Release|x64.Deploy.0 = Release|iPhone
		{22CCDA36-6BCF-43CC-A736-932EC46E37A0}.Release|x86.ActiveCfg = Release|iPhone
		{22CCDA36-6BCF-43CC-A736-932EC46E37A0}.Release|x86.Build.0 = Release|iPhone
		{22CCDA36-6BCF-43CC-A736-932EC46E37A0}.Release|x86.Deploy.0 = Release|iPhone
		{2DF7D371-F69F-4C7D-95C6-EFE0D448BBED}.Ad-Hoc|Any CPU.ActiveCfg = Release|x86
		{2DF7D371-F69F-4C7D-95C6-EFE0D448BBED}.Ad-Hoc|Any CPU.Build.0 = Release|x86
		{2DF7D371-F69F-4C7D-95C6-EFE0D448BBED}.Ad-Hoc|Any CPU.Deploy.0 = Release|x86
		{2DF7D371-F69F-4C7D-95C6-EFE0D448BBED}.Ad-Hoc|ARM.ActiveCfg = Release|ARM
		{2DF7D371-F69F-4C7D-95C6-EFE0D448BBED}.Ad-Hoc|ARM.Build.0 = Release|ARM
		{2DF7D371-F69F-4C7D-95C6-EFE0D448BBED}.Ad-Hoc|ARM.Deploy.0 = Release|ARM
		{2DF7D371-F69F-4C7D-95C6-EFE0D448BBED}.Ad-Hoc|iPhone.ActiveCfg = Release|x86
		{2DF7D371-F69F-4C7D-95C6-EFE0D448BBED}.Ad-Hoc|iPhone.Build.0 = Release|x86
		{2DF7D371-F69F-4C7D-95C6-EFE0D448BBED}.Ad-Hoc|iPhone.Deploy.0 = Release|x86
		{2DF7D371-F69F-4C7D-95C6-EFE0D448BBED}.Ad-Hoc|iPhoneSimulator.ActiveCfg = Release|x86
		{2DF7D371-F69F-4C7D-95C6-EFE0D448BBED}.Ad-Hoc|iPhoneSimulator.Build.0 = Release|x86
		{2DF7D371-F69F-4C7D-95C6-EFE0D448BBED}.Ad-Hoc|iPhoneSimulator.Deploy.0 = Release|x86
		{2DF7D371-F69F-4C7D-95C6-EFE0D448BBED}.Ad-Hoc|x64.ActiveCfg = Release|x64
		{2DF7D371-F69F-4C7D-95C6-EFE0D448BBED}.Ad-Hoc|x64.Build.0 = Release|x64
		{2DF7D371-F69F-4C7D-95C6-EFE0D448BBED}.Ad-Hoc|x64.Deploy.0 = Release|x64
		{2DF7D371-F69F-4C7D-95C6-EFE0D448BBED}.Ad-Hoc|x86.ActiveCfg = Release|x86
		{2DF7D371-F69F-4C7D-95C6-EFE0D448BBED}.Ad-Hoc|x86.Build.0 = Release|x86
		{2DF7D371-F69F-4C7D-95C6-EFE0D448BBED}.Ad-Hoc|x86.Deploy.0 = Release|x86
		{2DF7D371-F69F-4C7D-95C6-EFE0D448BBED}.AppStore|Any CPU.ActiveCfg = Release|x86
		{2DF7D371-F69F-4C7D-95C6-EFE0D448BBED}.AppStore|Any CPU.Build.0 = Release|x86
		{2DF7D371-F69F-4C7D-95C6-EFE0D448BBED}.AppStore|Any CPU.Deploy.0 = Release|x86
		{2DF7D371-F69F-4C7D-95C6-EFE0D448BBED}.AppStore|ARM.ActiveCfg = Release|ARM
		{2DF7D371-F69F-4C7D-95C6-EFE0D448BBED}.AppStore|ARM.Build.0 = Release|ARM
		{2DF7D371-F69F-4C7D-95C6-EFE0D448BBED}.AppStore|ARM.Deploy.0 = Release|ARM
		{2DF7D371-F69F-4C7D-95C6-EFE0D448BBED}.AppStore|iPhone.ActiveCfg = Release|x86
		{2DF7D371-F69F-4C7D-95C6-EFE0D448BBED}.AppStore|iPhone.Build.0 = Release|x86
		{2DF7D371-F69F-4C7D-95C6-EFE0D448BBED}.AppStore|iPhone.Deploy.0 = Release|x86
		{2DF7D371-F69F-4C7D-95C6-EFE0D448BBED}.AppStore|iPhoneSimulator.ActiveCfg = Release|x86
		{2DF7D371-F69F-4C7D-95C6-EFE0D448BBED}.AppStore|iPhoneSimulator.Build.0 = Release|x86
		{2DF7D371-F69F-4C7D-95C6-EFE0D448BBED}.AppStore|iPhoneSimulator.Deploy.0 = Release|x86
		{2DF7D371-F69F-4C7D-95C6-EFE0D448BBED}.AppStore|x64.ActiveCfg = Release|x64
		{2DF7D371-F69F-4C7D-95C6-EFE0D448BBED}.AppStore|x64.Build.0 = Release|x64
		{2DF7D371-F69F-4C7D-95C6-EFE0D448BBED}.AppStore|x64.Deploy.0 = Release|x64
		{2DF7D371-F69F-4C7D-95C6-EFE0D448BBED}.AppStore|x86.ActiveCfg = Release|x86
		{2DF7D371-F69F-4C7D-95C6-EFE0D448BBED}.AppStore|x86.Build.0 = Release|x86
		{2DF7D371-F69F-4C7D-95C6-EFE0D448BBED}.AppStore|x86.Deploy.0 = Release|x86
		{2DF7D371-F69F-4C7D-95C6-EFE0D448BBED}.Debug|Any CPU.ActiveCfg = Debug|x86
		{2DF7D371-F69F-4C7D-95C6-EFE0D448BBED}.Debug|Any CPU.Build.0 = Debug|x86
		{2DF7D371-F69F-4C7D-95C6-EFE0D448BBED}.Debug|Any CPU.Deploy.0 = Debug|x86
		{2DF7D371-F69F-4C7D-95C6-EFE0D448BBED}.Debug|ARM.ActiveCfg = Debug|ARM
		{2DF7D371-F69F-4C7D-95C6-EFE0D448BBED}.Debug|ARM.Build.0 = Debug|ARM
		{2DF7D371-F69F-4C7D-95C6-EFE0D448BBED}.Debug|ARM.Deploy.0 = Debug|ARM
		{2DF7D371-F69F-4C7D-95C6-EFE0D448BBED}.Debug|iPhone.ActiveCfg = Debug|x86
		{2DF7D371-F69F-4C7D-95C6-EFE0D448BBED}.Debug|iPhone.Build.0 = Debug|x86
		{2DF7D371-F69F-4C7D-95C6-EFE0D448BBED}.Debug|iPhone.Deploy.0 = Debug|x86
		{2DF7D371-F69F-4C7D-95C6-EFE0D448BBED}.Debug|iPhoneSimulator.ActiveCfg = Debug|x86
		{2DF7D371-F69F-4C7D-95C6-EFE0D448BBED}.Debug|iPhoneSimulator.Build.0 = Debug|x86
		{2DF7D371-F69F-4C7D-95C6-EFE0D448BBED}.Debug|iPhoneSimulator.Deploy.0 = Debug|x86
		{2DF7D371-F69F-4C7D-95C6-EFE0D448BBED}.Debug|x64.ActiveCfg = Debug|x64
		{2DF7D371-F69F-4C7D-95C6-EFE0D448BBED}.Debug|x64.Build.0 = Debug|x64
		{2DF7D371-F69F-4C7D-95C6-EFE0D448BBED}.Debug|x64.Deploy.0 = Debug|x64
		{2DF7D371-F69F-4C7D-95C6-EFE0D448BBED}.Debug|x86.ActiveCfg = Debug|x86
		{2DF7D371-F69F-4C7D-95C6-EFE0D448BBED}.Debug|x86.Build.0 = Debug|x86
		{2DF7D371-F69F-4C7D-95C6-EFE0D448BBED}.Debug|x86.Deploy.0 = Debug|x86
		{2DF7D371-F69F-4C7D-95C6-EFE0D448BBED}.Release|Any CPU.ActiveCfg = Release|x86
		{2DF7D371-F69F-4C7D-95C6-EFE0D448BBED}.Release|Any CPU.Build.0 = Release|x86
		{2DF7D371-F69F-4C7D-95C6-EFE0D448BBED}.Release|Any CPU.Deploy.0 = Release|x86
		{2DF7D371-F69F-4C7D-95C6-EFE0D448BBED}.Release|ARM.ActiveCfg = Release|ARM
		{2DF7D371-F69F-4C7D-95C6-EFE0D448BBED}.Release|ARM.Build.0 = Release|ARM
		{2DF7D371-F69F-4C7D-95C6-EFE0D448BBED}.Release|ARM.Deploy.0 = Release|ARM
		{2DF7D371-F69F-4C7D-95C6-EFE0D448BBED}.Release|iPhone.ActiveCfg = Release|x86
		{2DF7D371-F69F-4C7D-95C6-EFE0D448BBED}.Release|iPhone.Build.0 = Release|x86
		{2DF7D371-F69F-4C7D-95C6-EFE0D448BBED}.Release|iPhone.Deploy.0 = Release|x86
		{2DF7D371-F69F-4C7D-95C6-EFE0D448BBED}.Release|iPhoneSimulator.ActiveCfg = Release|x86
		{2DF7D371-F69F-4C7D-95C6-EFE0D448BBED}.Release|iPhoneSimulator.Build.0 = Release|x86
		{2DF7D371-F69F-4C7D-95C6-EFE0D448BBED}.Release|iPhoneSimulator.Deploy.0 = Release|x86
		{2DF7D371-F69F-4C7D-95C6-EFE0D448BBED}.Release|x64.ActiveCfg = Release|x64
		{2DF7D371-F69F-4C7D-95C6-EFE0D448BBED}.Release|x64.Build.0 = Release|x64
		{2DF7D371-F69F-4C7D-95C6-EFE0D448BBED}.Release|x64.Deploy.0 = Release|x64
		{2DF7D371-F69F-4C7D-95C6-EFE0D448BBED}.Release|x86.ActiveCfg = Release|x86
		{2DF7D371-F69F-4C7D-95C6-EFE0D448BBED}.Release|x86.Build.0 = Release|x86
		{2DF7D371-F69F-4C7D-95C6-EFE0D448BBED}.Release|x86.Deploy.0 = Release|x86
		{BF1ABA2F-2D9F-4727-BE10-60A6E1FAFF2F}.Ad-Hoc|Any CPU.ActiveCfg = Debug|Any CPU
		{BF1ABA2F-2D9F-4727-BE10-60A6E1FAFF2F}.Ad-Hoc|Any CPU.Build.0 = Debug|Any CPU
		{BF1ABA2F-2D9F-4727-BE10-60A6E1FAFF2F}.Ad-Hoc|Any CPU.Deploy.0 = Debug|Any CPU
		{BF1ABA2F-2D9F-4727-BE10-60A6E1FAFF2F}.Ad-Hoc|ARM.ActiveCfg = Debug|Any CPU
		{BF1ABA2F-2D9F-4727-BE10-60A6E1FAFF2F}.Ad-Hoc|ARM.Build.0 = Debug|Any CPU
		{BF1ABA2F-2D9F-4727-BE10-60A6E1FAFF2F}.Ad-Hoc|ARM.Deploy.0 = Debug|Any CPU
		{BF1ABA2F-2D9F-4727-BE10-60A6E1FAFF2F}.Ad-Hoc|iPhone.ActiveCfg = Debug|Any CPU
		{BF1ABA2F-2D9F-4727-BE10-60A6E1FAFF2F}.Ad-Hoc|iPhone.Build.0 = Debug|Any CPU
		{BF1ABA2F-2D9F-4727-BE10-60A6E1FAFF2F}.Ad-Hoc|iPhone.Deploy.0 = Debug|Any CPU
		{BF1ABA2F-2D9F-4727-BE10-60A6E1FAFF2F}.Ad-Hoc|iPhoneSimulator.ActiveCfg = Debug|Any CPU
		{BF1ABA2F-2D9F-4727-BE10-60A6E1FAFF2F}.Ad-Hoc|iPhoneSimulator.Build.0 = Debug|Any CPU
		{BF1ABA2F-2D9F-4727-BE10-60A6E1FAFF2F}.Ad-Hoc|iPhoneSimulator.Deploy.0 = Debug|Any CPU
		{BF1ABA2F-2D9F-4727-BE10-60A6E1FAFF2F}.Ad-Hoc|x64.ActiveCfg = Debug|Any CPU
		{BF1ABA2F-2D9F-4727-BE10-60A6E1FAFF2F}.Ad-Hoc|x64.Build.0 = Debug|Any CPU
		{BF1ABA2F-2D9F-4727-BE10-60A6E1FAFF2F}.Ad-Hoc|x64.Deploy.0 = Debug|Any CPU
		{BF1ABA2F-2D9F-4727-BE10-60A6E1FAFF2F}.Ad-Hoc|x86.ActiveCfg = Debug|Any CPU
		{BF1ABA2F-2D9F-4727-BE10-60A6E1FAFF2F}.Ad-Hoc|x86.Build.0 = Debug|Any CPU
		{BF1ABA2F-2D9F-4727-BE10-60A6E1FAFF2F}.Ad-Hoc|x86.Deploy.0 = Debug|Any CPU
		{BF1ABA2F-2D9F-4727-BE10-60A6E1FAFF2F}.AppStore|Any CPU.ActiveCfg = Debug|Any CPU
		{BF1ABA2F-2D9F-4727-BE10-60A6E1FAFF2F}.AppStore|Any CPU.Build.0 = Debug|Any CPU
		{BF1ABA2F-2D9F-4727-BE10-60A6E1FAFF2F}.AppStore|Any CPU.Deploy.0 = Debug|Any CPU
		{BF1ABA2F-2D9F-4727-BE10-60A6E1FAFF2F}.AppStore|ARM.ActiveCfg = Debug|Any CPU
		{BF1ABA2F-2D9F-4727-BE10-60A6E1FAFF2F}.AppStore|ARM.Build.0 = Debug|Any CPU
		{BF1ABA2F-2D9F-4727-BE10-60A6E1FAFF2F}.AppStore|ARM.Deploy.0 = Debug|Any CPU
		{BF1ABA2F-2D9F-4727-BE10-60A6E1FAFF2F}.AppStore|iPhone.ActiveCfg = Debug|Any CPU
		{BF1ABA2F-2D9F-4727-BE10-60A6E1FAFF2F}.AppStore|iPhone.Build.0 = Debug|Any CPU
		{BF1ABA2F-2D9F-4727-BE10-60A6E1FAFF2F}.AppStore|iPhone.Deploy.0 = Debug|Any CPU
		{BF1ABA2F-2D9F-4727-BE10-60A6E1FAFF2F}.AppStore|iPhoneSimulator.ActiveCfg = Debug|Any CPU
		{BF1ABA2F-2D9F-4727-BE10-60A6E1FAFF2F}.AppStore|iPhoneSimulator.Build.0 = Debug|Any CPU
		{BF1ABA2F-2D9F-4727-BE10-60A6E1FAFF2F}.AppStore|iPhoneSimulator.Deploy.0 = Debug|Any CPU
		{BF1ABA2F-2D9F-4727-BE10-60A6E1FAFF2F}.AppStore|x64.ActiveCfg = Debug|Any CPU
		{BF1ABA2F-2D9F-4727-BE10-60A6E1FAFF2F}.AppStore|x64.Build.0 = Debug|Any CPU
		{BF1ABA2F-2D9F-4727-BE10-60A6E1FAFF2F}.AppStore|x64.Deploy.0 = Debug|Any CPU
		{BF1ABA2F-2D9F-4727-BE10-60A6E1FAFF2F}.AppStore|x86.ActiveCfg = Debug|Any CPU
		{BF1ABA2F-2D9F-4727-BE10-60A6E1FAFF2F}.AppStore|x86.Build.0 = Debug|Any CPU
		{BF1ABA2F-2D9F-4727-BE10-60A6E1FAFF2F}.AppStore|x86.Deploy.0 = Debug|Any CPU
		{BF1ABA2F-2D9F-4727-BE10-60A6E1FAFF2F}.Debug|Any CPU.ActiveCfg = Debug|Any CPU
		{BF1ABA2F-2D9F-4727-BE10-60A6E1FAFF2F}.Debug|Any CPU.Build.0 = Debug|Any CPU
		{BF1ABA2F-2D9F-4727-BE10-60A6E1FAFF2F}.Debug|Any CPU.Deploy.0 = Debug|Any CPU
		{BF1ABA2F-2D9F-4727-BE10-60A6E1FAFF2F}.Debug|ARM.ActiveCfg = Debug|Any CPU
		{BF1ABA2F-2D9F-4727-BE10-60A6E1FAFF2F}.Debug|ARM.Build.0 = Debug|Any CPU
		{BF1ABA2F-2D9F-4727-BE10-60A6E1FAFF2F}.Debug|ARM.Deploy.0 = Debug|Any CPU
		{BF1ABA2F-2D9F-4727-BE10-60A6E1FAFF2F}.Debug|iPhone.ActiveCfg = Debug|Any CPU
		{BF1ABA2F-2D9F-4727-BE10-60A6E1FAFF2F}.Debug|iPhone.Build.0 = Debug|Any CPU
		{BF1ABA2F-2D9F-4727-BE10-60A6E1FAFF2F}.Debug|iPhone.Deploy.0 = Debug|Any CPU
		{BF1ABA2F-2D9F-4727-BE10-60A6E1FAFF2F}.Debug|iPhoneSimulator.ActiveCfg = Debug|Any CPU
		{BF1ABA2F-2D9F-4727-BE10-60A6E1FAFF2F}.Debug|iPhoneSimulator.Build.0 = Debug|Any CPU
		{BF1ABA2F-2D9F-4727-BE10-60A6E1FAFF2F}.Debug|iPhoneSimulator.Deploy.0 = Debug|Any CPU
		{BF1ABA2F-2D9F-4727-BE10-60A6E1FAFF2F}.Debug|x64.ActiveCfg = Debug|Any CPU
		{BF1ABA2F-2D9F-4727-BE10-60A6E1FAFF2F}.Debug|x64.Build.0 = Debug|Any CPU
		{BF1ABA2F-2D9F-4727-BE10-60A6E1FAFF2F}.Debug|x64.Deploy.0 = Debug|Any CPU
		{BF1ABA2F-2D9F-4727-BE10-60A6E1FAFF2F}.Debug|x86.ActiveCfg = Debug|Any CPU
		{BF1ABA2F-2D9F-4727-BE10-60A6E1FAFF2F}.Debug|x86.Build.0 = Debug|Any CPU
		{BF1ABA2F-2D9F-4727-BE10-60A6E1FAFF2F}.Debug|x86.Deploy.0 = Debug|Any CPU
		{BF1ABA2F-2D9F-4727-BE10-60A6E1FAFF2F}.Release|Any CPU.ActiveCfg = Release|Any CPU
		{BF1ABA2F-2D9F-4727-BE10-60A6E1FAFF2F}.Release|Any CPU.Build.0 = Release|Any CPU
		{BF1ABA2F-2D9F-4727-BE10-60A6E1FAFF2F}.Release|Any CPU.Deploy.0 = Release|Any CPU
		{BF1ABA2F-2D9F-4727-BE10-60A6E1FAFF2F}.Release|ARM.ActiveCfg = Release|Any CPU
		{BF1ABA2F-2D9F-4727-BE10-60A6E1FAFF2F}.Release|ARM.Build.0 = Release|Any CPU
		{BF1ABA2F-2D9F-4727-BE10-60A6E1FAFF2F}.Release|ARM.Deploy.0 = Release|Any CPU
		{BF1ABA2F-2D9F-4727-BE10-60A6E1FAFF2F}.Release|iPhone.ActiveCfg = Release|Any CPU
		{BF1ABA2F-2D9F-4727-BE10-60A6E1FAFF2F}.Release|iPhone.Build.0 = Release|Any CPU
		{BF1ABA2F-2D9F-4727-BE10-60A6E1FAFF2F}.Release|iPhone.Deploy.0 = Release|Any CPU
		{BF1ABA2F-2D9F-4727-BE10-60A6E1FAFF2F}.Release|iPhoneSimulator.ActiveCfg = Release|Any CPU
		{BF1ABA2F-2D9F-4727-BE10-60A6E1FAFF2F}.Release|iPhoneSimulator.Build.0 = Release|Any CPU
		{BF1ABA2F-2D9F-4727-BE10-60A6E1FAFF2F}.Release|iPhoneSimulator.Deploy.0 = Release|Any CPU
		{BF1ABA2F-2D9F-4727-BE10-60A6E1FAFF2F}.Release|x64.ActiveCfg = Release|Any CPU
		{BF1ABA2F-2D9F-4727-BE10-60A6E1FAFF2F}.Release|x64.Build.0 = Release|Any CPU
		{BF1ABA2F-2D9F-4727-BE10-60A6E1FAFF2F}.Release|x64.Deploy.0 = Release|Any CPU
		{BF1ABA2F-2D9F-4727-BE10-60A6E1FAFF2F}.Release|x86.ActiveCfg = Release|Any CPU
		{BF1ABA2F-2D9F-4727-BE10-60A6E1FAFF2F}.Release|x86.Build.0 = Release|Any CPU
		{BF1ABA2F-2D9F-4727-BE10-60A6E1FAFF2F}.Release|x86.Deploy.0 = Release|Any CPU
	EndGlobalSection
	GlobalSection(SolutionProperties) = preSolution
		HideSolutionNode = FALSE
	EndGlobalSection
	GlobalSection(ExtensibilityGlobals) = postSolution
		SolutionGuid = {0F508A18-D42A-43CD-936E-FD6F96C468A6}
	EndGlobalSection
EndGlobal
